
Microsoft Visual Studio Solution File, Format Version 12.00
# Visual Studio Version 17
VisualStudioVersion = 17.5.33516.290
MinimumVisualStudioVersion = 10.0.40219.1
Project("{FAE04EC0-301F-11D3-BF4B-00C04F79EFBC}") = "Que1-5", "Que1-5\Que1-5.csproj", "{17E9B1A6-187F-4377-AD3B-C3BB6531BB96}"
EndProject
Project("{FAE04EC0-301F-11D3-BF4B-00C04F79EFBC}") = "Que2-5", "Que2-5\Que2-5.csproj", "{EB6C7249-1254-4AB3-8CC1-EC9D54D8E481}"
EndProject
Project("{FAE04EC0-301F-11D3-BF4B-00C04F79EFBC}") = "Que3-5", "Que3-5\Que3-5.csproj", "{3A67D909-AEA3-45D2-9C29-C399CD430EB7}"
EndProject
Project("{FAE04EC0-301F-11D3-BF4B-00C04F79EFBC}") = "Que4-5", "Que4-5\Que4-5.csproj", "{A7FEDC78-DFF4-4F3D-81DA-E3A6D10BCF28}"
EndProject
Project("{FAE04EC0-301F-11D3-BF4B-00C04F79EFBC}") = "Que5-5", "Que5-5\Que5-5.csproj", "{6C6D2079-F8AE-4489-9E32-9296E7C33411}"
EndProject
Global
	GlobalSection(SolutionConfigurationPlatforms) = preSolution
		Debug|Any CPU = Debug|Any CPU
		Release|Any CPU = Release|Any CPU
	EndGlobalSection
	GlobalSection(ProjectConfigurationPlatforms) = postSolution
		{17E9B1A6-187F-4377-AD3B-C3BB6531BB96}.Debug|Any CPU.ActiveCfg = Debug|Any CPU
		{17E9B1A6-187F-4377-AD3B-C3BB6531BB96}.Debug|Any CPU.Build.0 = Debug|Any CPU
		{17E9B1A6-187F-4377-AD3B-C3BB6531BB96}.Release|Any CPU.ActiveCfg = Release|Any CPU
		{17E9B1A6-187F-4377-AD3B-C3BB6531BB96}.Release|Any CPU.Build.0 = Release|Any CPU
		{EB6C7249-1254-4AB3-8CC1-EC9D54D8E481}.Debug|Any CPU.ActiveCfg = Debug|Any CPU
		{EB6C7249-1254-4AB3-8CC1-EC9D54D8E481}.Debug|Any CPU.Build.0 = Debug|Any CPU
		{EB6C7249-1254-4AB3-8CC1-EC9D54D8E481}.Release|Any CPU.ActiveCfg = Release|Any CPU
		{EB6C7249-1254-4AB3-8CC1-EC9D54D8E481}.Release|Any CPU.Build.0 = Release|Any CPU
		{3A67D909-AEA3-45D2-9C29-C399CD430EB7}.Debug|Any CPU.ActiveCfg = Debug|Any CPU
		{3A67D909-AEA3-45D2-9C29-C399CD430EB7}.Debug|Any CPU.Build.0 = Debug|Any CPU
		{3A67D909-AEA3-45D2-9C29-C399CD430EB7}.Release|Any CPU.ActiveCfg = Release|Any CPU
		{3A67D909-AEA3-45D2-9C29-C399CD430EB7}.Release|Any CPU.Build.0 = Release|Any CPU
		{A7FEDC78-DFF4-4F3D-81DA-E3A6D10BCF28}.Debug|Any CPU.ActiveCfg = Debug|Any CPU
		{A7FEDC78-DFF4-4F3D-81DA-E3A6D10BCF28}.Debug|Any CPU.Build.0 = Debug|Any CPU
		{A7FEDC78-DFF4-4F3D-81DA-E3A6D10BCF28}.Release|Any CPU.ActiveCfg = Release|Any CPU
		{A7FEDC78-DFF4-4F3D-81DA-E3A6D10BCF28}.Release|Any CPU.Build.0 = Release|Any CPU
		{6C6D2079-F8AE-4489-9E32-9296E7C33411}.Debug|Any CPU.ActiveCfg = Debug|Any CPU
		{6C6D2079-F8AE-4489-9E32-9296E7C33411}.Debug|Any CPU.Build.0 = Debug|Any CPU
		{6C6D2079-F8AE-4489-9E32-9296E7C33411}.Release|Any CPU.ActiveCfg = Release|Any CPU
		{6C6D2079-F8AE-4489-9E32-9296E7C33411}.Release|Any CPU.Build.0 = Release|Any CPU
	EndGlobalSection
	GlobalSection(SolutionProperties) = preSolution
		HideSolutionNode = FALSE
	EndGlobalSection
	GlobalSection(ExtensibilityGlobals) = postSolution
		SolutionGuid = {672E684E-D9E3-4102-B72F-A8EC599113EC}
	EndGlobalSection
EndGlobal
